
Microsoft Visual Studio Solution File, Format Version 12.00
# Visual Studio Version 17
VisualStudioVersion = 17.3.32804.467
MinimumVisualStudioVersion = 10.0.40219.1
Project("{9A19103F-16F7-4668-BE54-9A1E7A4F7556}") = "vendingMachine", "foodStand\vendingMachine.csproj", "{9BB1B9D3-23AD-4E09-80FB-B725DDB7F56C}"
EndProject
Global
	GlobalSection(SolutionConfigurationPlatforms) = preSolution
		Debug|Any CPU = Debug|Any CPU
		Release|Any CPU = Release|Any CPU
	EndGlobalSection
	GlobalSection(ProjectConfigurationPlatforms) = postSolution
		{9BB1B9D3-23AD-4E09-80FB-B725DDB7F56C}.Debug|Any CPU.ActiveCfg = Debug|Any CPU
		{9BB1B9D3-23AD-4E09-80FB-B725DDB7F56C}.Debug|Any CPU.Build.0 = Debug|Any CPU
		{9BB1B9D3-23AD-4E09-80FB-B725DDB7F56C}.Release|Any CPU.ActiveCfg = Release|Any CPU
		{9BB1B9D3-23AD-4E09-80FB-B725DDB7F56C}.Release|Any CPU.Build.0 = Release|Any CPU
	EndGlobalSection
	GlobalSection(SolutionProperties) = preSolution
		HideSolutionNode = FALSE
	EndGlobalSection
	GlobalSection(ExtensibilityGlobals) = postSolution
		SolutionGuid = {5D62A623-2D48-4193-B742-7EA89DCF04AA}
	EndGlobalSection
EndGlobal
